
Microsoft Visual Studio Solution File, Format Version 12.00
# Visual Studio 15
VisualStudioVersion = 15.0.26124.0
MinimumVisualStudioVersion = 15.0.26124.0
Project("{FAE04EC0-301F-11D3-BF4B-00C04F79EFBC}") = "HRService", "HRService\HRService.csproj", "{81B1E57D-EEA6-4099-BE1B-06ED3EA87075}"
EndProject
Project("{FAE04EC0-301F-11D3-BF4B-00C04F79EFBC}") = "EmployeeService", "EmployeeService\EmployeeService.csproj", "{40D2DE14-5D42-48EA-9A10-FABF71521CEF}"
EndProject
Project("{FAE04EC0-301F-11D3-BF4B-00C04F79EFBC}") = "GatewayService", "GatewayService\GatewayService.csproj", "{A2371FFE-6458-493D-AE8B-C4B3C63EF825}"
EndProject
Global
	GlobalSection(SolutionConfigurationPlatforms) = preSolution
		Debug|Any CPU = Debug|Any CPU
		Debug|x64 = Debug|x64
		Debug|x86 = Debug|x86
		Release|Any CPU = Release|Any CPU
		Release|x64 = Release|x64
		Release|x86 = Release|x86
	EndGlobalSection
	GlobalSection(SolutionProperties) = preSolution
		HideSolutionNode = FALSE
	EndGlobalSection
	GlobalSection(ProjectConfigurationPlatforms) = postSolution
		{81B1E57D-EEA6-4099-BE1B-06ED3EA87075}.Debug|Any CPU.ActiveCfg = Debug|Any CPU
		{81B1E57D-EEA6-4099-BE1B-06ED3EA87075}.Debug|Any CPU.Build.0 = Debug|Any CPU
		{81B1E57D-EEA6-4099-BE1B-06ED3EA87075}.Debug|x64.ActiveCfg = Debug|Any CPU
		{81B1E57D-EEA6-4099-BE1B-06ED3EA87075}.Debug|x64.Build.0 = Debug|Any CPU
		{81B1E57D-EEA6-4099-BE1B-06ED3EA87075}.Debug|x86.ActiveCfg = Debug|Any CPU
		{81B1E57D-EEA6-4099-BE1B-06ED3EA87075}.Debug|x86.Build.0 = Debug|Any CPU
		{81B1E57D-EEA6-4099-BE1B-06ED3EA87075}.Release|Any CPU.ActiveCfg = Release|Any CPU
		{81B1E57D-EEA6-4099-BE1B-06ED3EA87075}.Release|Any CPU.Build.0 = Release|Any CPU
		{81B1E57D-EEA6-4099-BE1B-06ED3EA87075}.Release|x64.ActiveCfg = Release|Any CPU
		{81B1E57D-EEA6-4099-BE1B-06ED3EA87075}.Release|x64.Build.0 = Release|Any CPU
		{81B1E57D-EEA6-4099-BE1B-06ED3EA87075}.Release|x86.ActiveCfg = Release|Any CPU
		{81B1E57D-EEA6-4099-BE1B-06ED3EA87075}.Release|x86.Build.0 = Release|Any CPU
		{40D2DE14-5D42-48EA-9A10-FABF71521CEF}.Debug|Any CPU.ActiveCfg = Debug|Any CPU
		{40D2DE14-5D42-48EA-9A10-FABF71521CEF}.Debug|Any CPU.Build.0 = Debug|Any CPU
		{40D2DE14-5D42-48EA-9A10-FABF71521CEF}.Debug|x64.ActiveCfg = Debug|Any CPU
		{40D2DE14-5D42-48EA-9A10-FABF71521CEF}.Debug|x64.Build.0 = Debug|Any CPU
		{40D2DE14-5D42-48EA-9A10-FABF71521CEF}.Debug|x86.ActiveCfg = Debug|Any CPU
		{40D2DE14-5D42-48EA-9A10-FABF71521CEF}.Debug|x86.Build.0 = Debug|Any CPU
		{40D2DE14-5D42-48EA-9A10-FABF71521CEF}.Release|Any CPU.ActiveCfg = Release|Any CPU
		{40D2DE14-5D42-48EA-9A10-FABF71521CEF}.Release|Any CPU.Build.0 = Release|Any CPU
		{40D2DE14-5D42-48EA-9A10-FABF71521CEF}.Release|x64.ActiveCfg = Release|Any CPU
		{40D2DE14-5D42-48EA-9A10-FABF71521CEF}.Release|x64.Build.0 = Release|Any CPU
		{40D2DE14-5D42-48EA-9A10-FABF71521CEF}.Release|x86.ActiveCfg = Release|Any CPU
		{40D2DE14-5D42-48EA-9A10-FABF71521CEF}.Release|x86.Build.0 = Release|Any CPU
		{A2371FFE-6458-493D-AE8B-C4B3C63EF825}.Debug|Any CPU.ActiveCfg = Debug|Any CPU
		{A2371FFE-6458-493D-AE8B-C4B3C63EF825}.Debug|Any CPU.Build.0 = Debug|Any CPU
		{A2371FFE-6458-493D-AE8B-C4B3C63EF825}.Debug|x64.ActiveCfg = Debug|Any CPU
		{A2371FFE-6458-493D-AE8B-C4B3C63EF825}.Debug|x64.Build.0 = Debug|Any CPU
		{A2371FFE-6458-493D-AE8B-C4B3C63EF825}.Debug|x86.ActiveCfg = Debug|Any CPU
		{A2371FFE-6458-493D-AE8B-C4B3C63EF825}.Debug|x86.Build.0 = Debug|Any CPU
		{A2371FFE-6458-493D-AE8B-C4B3C63EF825}.Release|Any CPU.ActiveCfg = Release|Any CPU
		{A2371FFE-6458-493D-AE8B-C4B3C63EF825}.Release|Any CPU.Build.0 = Release|Any CPU
		{A2371FFE-6458-493D-AE8B-C4B3C63EF825}.Release|x64.ActiveCfg = Release|Any CPU
		{A2371FFE-6458-493D-AE8B-C4B3C63EF825}.Release|x64.Build.0 = Release|Any CPU
		{A2371FFE-6458-493D-AE8B-C4B3C63EF825}.Release|x86.ActiveCfg = Release|Any CPU
		{A2371FFE-6458-493D-AE8B-C4B3C63EF825}.Release|x86.Build.0 = Release|Any CPU
	EndGlobalSection
EndGlobal
